
Microsoft Visual Studio Solution File, Format Version 12.00
# Visual Studio 15
VisualStudioVersion = 15.0.28010.2036
MinimumVisualStudioVersion = 10.0.40219.1
Project("{FAE04EC0-301F-11D3-BF4B-00C04F79EFBC}") = "KeepTrackOfYourTeam", "KeepTrackOfYourTeam\KeepTrackOfYourTeam.csproj", "{EA47E847-FF0E-4EAE-9946-A39300911613}"
EndProject
Global
	GlobalSection(SolutionConfigurationPlatforms) = preSolution
		Debug|Any CPU = Debug|Any CPU
		Release|Any CPU = Release|Any CPU
	EndGlobalSection
	GlobalSection(ProjectConfigurationPlatforms) = postSolution
		{EA47E847-FF0E-4EAE-9946-A39300911613}.Debug|Any CPU.ActiveCfg = Debug|Any CPU
		{EA47E847-FF0E-4EAE-9946-A39300911613}.Debug|Any CPU.Build.0 = Debug|Any CPU
		{EA47E847-FF0E-4EAE-9946-A39300911613}.Release|Any CPU.ActiveCfg = Release|Any CPU
		{EA47E847-FF0E-4EAE-9946-A39300911613}.Release|Any CPU.Build.0 = Release|Any CPU
	EndGlobalSection
	GlobalSection(SolutionProperties) = preSolution
		HideSolutionNode = FALSE
	EndGlobalSection
	GlobalSection(ExtensibilityGlobals) = postSolution
		SolutionGuid = {06FB8CD2-4D29-4BEF-A28C-82392EC6C32A}
	EndGlobalSection
EndGlobal
